
Microsoft Visual Studio Solution File, Format Version 12.00
# Visual Studio Version 16
VisualStudioVersion = 16.0.31624.102
MinimumVisualStudioVersion = 10.0.40219.1
Project("{FAE04EC0-301F-11D3-BF4B-00C04F79EFBC}") = "CloverusSys", "CloverusSys.csproj", "{DD31E8A8-5584-42D3-9602-BE3EF66A1AB9}"
EndProject
Project("{FAE04EC0-301F-11D3-BF4B-00C04F79EFBC}") = "CloverusCommon", "..\CloverusCommon\CloverusCommon.csproj", "{16EE283A-C7A2-4171-BB02-2925F8B6480C}"
EndProject
Project("{FAE04EC0-301F-11D3-BF4B-00C04F79EFBC}") = "SprCommon", "..\SprCommon\SprCommon.csproj", "{9C36937C-373C-4931-BE32-B1799BBC5BD9}"
EndProject
Global
	GlobalSection(SolutionConfigurationPlatforms) = preSolution
		Debug|Any CPU = Debug|Any CPU
		Release|Any CPU = Release|Any CPU
	EndGlobalSection
	GlobalSection(ProjectConfigurationPlatforms) = postSolution
		{DD31E8A8-5584-42D3-9602-BE3EF66A1AB9}.Debug|Any CPU.ActiveCfg = Debug|Any CPU
		{DD31E8A8-5584-42D3-9602-BE3EF66A1AB9}.Debug|Any CPU.Build.0 = Debug|Any CPU
		{DD31E8A8-5584-42D3-9602-BE3EF66A1AB9}.Release|Any CPU.ActiveCfg = Release|Any CPU
		{DD31E8A8-5584-42D3-9602-BE3EF66A1AB9}.Release|Any CPU.Build.0 = Release|Any CPU
		{16EE283A-C7A2-4171-BB02-2925F8B6480C}.Debug|Any CPU.ActiveCfg = Debug|Any CPU
		{16EE283A-C7A2-4171-BB02-2925F8B6480C}.Debug|Any CPU.Build.0 = Debug|Any CPU
		{16EE283A-C7A2-4171-BB02-2925F8B6480C}.Release|Any CPU.ActiveCfg = Release|Any CPU
		{16EE283A-C7A2-4171-BB02-2925F8B6480C}.Release|Any CPU.Build.0 = Release|Any CPU
		{9C36937C-373C-4931-BE32-B1799BBC5BD9}.Debug|Any CPU.ActiveCfg = Debug|Any CPU
		{9C36937C-373C-4931-BE32-B1799BBC5BD9}.Debug|Any CPU.Build.0 = Debug|Any CPU
		{9C36937C-373C-4931-BE32-B1799BBC5BD9}.Release|Any CPU.ActiveCfg = Release|Any CPU
		{9C36937C-373C-4931-BE32-B1799BBC5BD9}.Release|Any CPU.Build.0 = Release|Any CPU
	EndGlobalSection
	GlobalSection(SolutionProperties) = preSolution
		HideSolutionNode = FALSE
	EndGlobalSection
	GlobalSection(ExtensibilityGlobals) = postSolution
		SolutionGuid = {C8634B47-ED58-49ED-B8DA-EB268B66EA1A}
	EndGlobalSection
EndGlobal
